
Microsoft Visual Studio Solution File, Format Version 12.00
# Visual Studio 15
VisualStudioVersion = 15.0.27130.2024
MinimumVisualStudioVersion = 10.0.40219.1
Project("{8BC9CEB8-8B4A-11D0-8D11-00A0C91BC942}") = "STM_TEC_driver", "EmbeddedProject1\EmbeddedProject1.vcxproj", "{7D1D6FF8-209E-4E7B-98E7-A5299D5625D7}"
EndProject
Global
	GlobalSection(SolutionConfigurationPlatforms) = preSolution
		Debug|VisualGDB = Debug|VisualGDB
		Release|VisualGDB = Release|VisualGDB
	EndGlobalSection
	GlobalSection(ProjectConfigurationPlatforms) = postSolution
		{7D1D6FF8-209E-4E7B-98E7-A5299D5625D7}.Debug|VisualGDB.ActiveCfg = Debug|VisualGDB
		{7D1D6FF8-209E-4E7B-98E7-A5299D5625D7}.Debug|VisualGDB.Build.0 = Debug|VisualGDB
		{7D1D6FF8-209E-4E7B-98E7-A5299D5625D7}.Release|VisualGDB.ActiveCfg = Release|VisualGDB
		{7D1D6FF8-209E-4E7B-98E7-A5299D5625D7}.Release|VisualGDB.Build.0 = Release|VisualGDB
	EndGlobalSection
	GlobalSection(SolutionProperties) = preSolution
		HideSolutionNode = FALSE
	EndGlobalSection
	GlobalSection(ExtensibilityGlobals) = postSolution
		SolutionGuid = {2F3F1B38-3594-4AE4-A065-6679634B4490}
	EndGlobalSection
EndGlobal
